{
  "object": {
    "pins": [
      {
        "package": "Alamofire",
        "repositoryURL": "https://github.com/Alamofire/Alamofire.git",
        "state": {
          "branch": null,
          "revision": "eaf6e622dd41b07b251d8f01752eab31bc811493",
          "version": "5.4.1"
        }
      },
      {
        "package": "CocoaAsyncSocket",
        "repositoryURL": "https://gitee.com/mirrors/CocoaAsyncSocket.git",
        "state": {
          "branch": null,
          "revision": "dbdc00669c1ced63b27c3c5f052ee4d28f10150c",
          "version": "7.6.5"
        }
      },
      {
        "package": "HandyJSON",
        "repositoryURL": "https://gitee.com/teenloong/HandyJSON.git",
        "state": {
          "branch": null,
          "revision": "dcf39cf062680ffa4fd0acb7f9117a97755c113f",
          "version": "5.0.2"
        }
      },
      {
        "package": "Moya",
        "repositoryURL": "https://gitee.com/xiao__0927/Moya.git",
        "state": {
          "branch": null,
          "revision": "b3e5a233e0d85fd4d69f561c80988590859c7dee",
          "version": "14.0.0"
        }
      },
      {
        "package": "ObjectMapper",
        "repositoryURL": "https://gitee.com/OceanYan/ObjectMapper.git",
        "state": {
          "branch": null,
          "revision": "0b96a734de3ea1c87374ae677064f86adb0716ec",
          "version": "4.2.0"
        }
      },
      {
        "package": "ReactiveSwift",
        "repositoryURL": "https://github.com/Moya/ReactiveSwift.git",
        "state": {
          "branch": null,
          "revision": "f195d82bb30e412e70446e2b4a77e1b514099e88",
          "version": "6.1.0"
        }
      },
      {
        "package": "RxSwift",
        "repositoryURL": "https://github.com/ReactiveX/RxSwift.git",
        "state": {
          "branch": null,
          "revision": "002d325b0bdee94e7882e1114af5ff4fe1e96afa",
          "version": "5.1.1"
        }
      },
      {
        "package": "SnapKit",
        "repositoryURL": "https://gitee.com/Cocoapods-Wand/SnapKit.git",
        "state": {
          "branch": null,
          "revision": "d458564516e5676af9c70b4f4b2a9178294f1bc6",
          "version": "5.0.1"
        }
      },
      {
        "package": "SocketIO",
        "repositoryURL": "https://gitee.com/mirrors/socket.io-client-swift.git",
        "state": {
          "branch": null,
          "revision": "36db2ff0ebc7239187f9b382fd318e122da71caa",
          "version": "15.2.0"
        }
      },
      {
        "package": "Starscream",
        "repositoryURL": "https://github.com/daltoniam/Starscream",
        "state": {
          "branch": null,
          "revision": "e6b65c6d9077ea48b4a7bdda8994a1d3c6969c8d",
          "version": "3.1.1"
        }
      },
      {
        "package": "swift-nio-zlib-support",
        "repositoryURL": "https://github.com/apple/swift-nio-zlib-support.git",
        "state": {
          "branch": null,
          "revision": "37760e9a52030bb9011972c5213c3350fa9d41fd",
          "version": "1.0.0"
        }
      }
    ]
  },
  "version": 1
}
